Microsoft Visual Studio Solution File, Format Version 11.00
# Visual Studio 2008

Project("{117AE457-1EC0-159E-1D0A-0B3AF434F567}") = "Whoa", "Assembly-CSharp-vs.csproj", "{C2ED2E54-B9BB-D2EF-858A-19366AD40345}"
EndProject
Global
	GlobalSection(SolutionConfigurationPlatforms) = preSolution
		Debug|Any CPU = Debug|Any CPU
		Release|Any CPU = Release|Any CPU
	EndGlobalSection
	GlobalSection(ProjectConfigurationPlatforms) = postSolution
		{C2ED2E54-B9BB-D2EF-858A-19366AD40345}.Debug|Any CPU.ActiveCfg = Debug|Any CPU
		{C2ED2E54-B9BB-D2EF-858A-19366AD40345}.Debug|Any CPU.Build.0 = Debug|Any CPU
		{C2ED2E54-B9BB-D2EF-858A-19366AD40345}.Release|Any CPU.ActiveCfg = Release|Any CPU
		{C2ED2E54-B9BB-D2EF-858A-19366AD40345}.Release|Any CPU.Build.0 = Release|Any CPU
	EndGlobalSection
	GlobalSection(SolutionProperties) = preSolution
		HideSolutionNode = FALSE
	EndGlobalSection
																																																																																																																																																																																																																																																																																																																															GlobalSection(MonoDevelopProperties) = preSolution
		StartupItem = Assembly-CSharp.csproj
		Policies = $0
		$0.TextStylePolicy = $1
		$1.inheritsSet = null
		$1.scope = text/x-csharp
		$0.CSharpFormattingPolicy = $2
		$2.inheritsSet = Mono
		$2.inheritsScope = text/x-csharp
		$2.scope = text/x-csharp
		$0.TextStylePolicy = $3
		$3.FileWidth = 120
		$3.TabWidth = 4
		$3.EolMarker = Unix
		$3.inheritsSet = Mono
		$3.inheritsScope = text/plain
		$3.scope = text/plain
	EndGlobalSection

EndGlobal
